
Microsoft Visual Studio Solution File, Format Version 12.00
# Visual Studio Version 16
VisualStudioVersion = 16.0.28803.352
MinimumVisualStudioVersion = 10.0.40219.1
Project("{9A19103F-16F7-4668-BE54-9A1E7A4F7556}") = "DatingTime.Services.WebApi", "DatingTime.Services.WebApi\DatingTime.Services.WebApi.csproj", "{DA8B5D54-A8E4-41F3-8A7F-35BEB4155CD8}"
EndProject
Project("{2150E333-8FDC-42A3-9474-1A3956D46DE8}") = "Services", "Services", "{AC0A6AB3-9297-4668-849C-6AC148CD0A24}"
EndProject
Project("{2150E333-8FDC-42A3-9474-1A3956D46DE8}") = "Accounts", "Accounts", "{FCAC3A8A-F0D0-4902-AC55-F00F4760CDB5}"
EndProject
Project("{2150E333-8FDC-42A3-9474-1A3956D46DE8}") = "Common", "Common", "{34AB76FF-4CF6-4532-91DB-27895E15A963}"
EndProject
Project("{2150E333-8FDC-42A3-9474-1A3956D46DE8}") = "Infrastructure", "Infrastructure", "{3F6BE7CF-ED0B-4C83-8572-A8DC32746B90}"
EndProject
Project("{FAE04EC0-301F-11D3-BF4B-00C04F79EFBC}") = "DatingTime.Common.Infrastructure.DependencyResolver", "DatingTime.Common.Infrastructure.DependencyResolver\DatingTime.Common.Infrastructure.DependencyResolver.csproj", "{9D337CAC-69AC-44B8-861B-CC4BDBEC9F94}"
EndProject
Project("{FAE04EC0-301F-11D3-BF4B-00C04F79EFBC}") = "DatingTime.Common.Infrastructure.Bootstrap", "DatingTime.Common.Infrastructure.Bootstrap\DatingTime.Common.Infrastructure.Bootstrap.csproj", "{C61258A6-9AE0-45F6-86FF-08C801521B42}"
EndProject
Project("{FAE04EC0-301F-11D3-BF4B-00C04F79EFBC}") = "DatingTime.Common.Infrastructure.Data.Sql", "DatingTime.Common.Infrastructure.Data.Sql\DatingTime.Common.Infrastructure.Data.Sql.csproj", "{647F2D12-7621-49AC-9B64-A85922839DDA}"
EndProject
Global
	GlobalSection(SolutionConfigurationPlatforms) = preSolution
		Debug|Any CPU = Debug|Any CPU
		Release|Any CPU = Release|Any CPU
	EndGlobalSection
	GlobalSection(ProjectConfigurationPlatforms) = postSolution
		{DA8B5D54-A8E4-41F3-8A7F-35BEB4155CD8}.Debug|Any CPU.ActiveCfg = Debug|Any CPU
		{DA8B5D54-A8E4-41F3-8A7F-35BEB4155CD8}.Debug|Any CPU.Build.0 = Debug|Any CPU
		{DA8B5D54-A8E4-41F3-8A7F-35BEB4155CD8}.Release|Any CPU.ActiveCfg = Release|Any CPU
		{DA8B5D54-A8E4-41F3-8A7F-35BEB4155CD8}.Release|Any CPU.Build.0 = Release|Any CPU
		{9D337CAC-69AC-44B8-861B-CC4BDBEC9F94}.Debug|Any CPU.ActiveCfg = Debug|Any CPU
		{9D337CAC-69AC-44B8-861B-CC4BDBEC9F94}.Debug|Any CPU.Build.0 = Debug|Any CPU
		{9D337CAC-69AC-44B8-861B-CC4BDBEC9F94}.Release|Any CPU.ActiveCfg = Release|Any CPU
		{9D337CAC-69AC-44B8-861B-CC4BDBEC9F94}.Release|Any CPU.Build.0 = Release|Any CPU
		{C61258A6-9AE0-45F6-86FF-08C801521B42}.Debug|Any CPU.ActiveCfg = Debug|Any CPU
		{C61258A6-9AE0-45F6-86FF-08C801521B42}.Debug|Any CPU.Build.0 = Debug|Any CPU
		{C61258A6-9AE0-45F6-86FF-08C801521B42}.Release|Any CPU.ActiveCfg = Release|Any CPU
		{C61258A6-9AE0-45F6-86FF-08C801521B42}.Release|Any CPU.Build.0 = Release|Any CPU
		{647F2D12-7621-49AC-9B64-A85922839DDA}.Debug|Any CPU.ActiveCfg = Debug|Any CPU
		{647F2D12-7621-49AC-9B64-A85922839DDA}.Debug|Any CPU.Build.0 = Debug|Any CPU
		{647F2D12-7621-49AC-9B64-A85922839DDA}.Release|Any CPU.ActiveCfg = Release|Any CPU
		{647F2D12-7621-49AC-9B64-A85922839DDA}.Release|Any CPU.Build.0 = Release|Any CPU
	EndGlobalSection
	GlobalSection(SolutionProperties) = preSolution
		HideSolutionNode = FALSE
	EndGlobalSection
	GlobalSection(NestedProjects) = preSolution
		{DA8B5D54-A8E4-41F3-8A7F-35BEB4155CD8} = {AC0A6AB3-9297-4668-849C-6AC148CD0A24}
		{3F6BE7CF-ED0B-4C83-8572-A8DC32746B90} = {34AB76FF-4CF6-4532-91DB-27895E15A963}
		{9D337CAC-69AC-44B8-861B-CC4BDBEC9F94} = {3F6BE7CF-ED0B-4C83-8572-A8DC32746B90}
		{C61258A6-9AE0-45F6-86FF-08C801521B42} = {3F6BE7CF-ED0B-4C83-8572-A8DC32746B90}
		{647F2D12-7621-49AC-9B64-A85922839DDA} = {3F6BE7CF-ED0B-4C83-8572-A8DC32746B90}
	EndGlobalSection
	GlobalSection(ExtensibilityGlobals) = postSolution
		SolutionGuid = {79ACA35A-718B-4453-BE8A-AE81401DA517}
	EndGlobalSection
EndGlobal
