
Microsoft Visual Studio Solution File, Format Version 12.00
# Visual Studio Version 16
VisualStudioVersion = 16.0.28803.352
MinimumVisualStudioVersion = 10.0.40219.1
Project("{9A19103F-16F7-4668-BE54-9A1E7A4F7556}") = "DatingTime.Services.WebApi", "DatingTime.Services.WebApi\DatingTime.Services.WebApi.csproj", "{DA8B5D54-A8E4-41F3-8A7F-35BEB4155CD8}"
EndProject
Project("{2150E333-8FDC-42A3-9474-1A3956D46DE8}") = "Services", "Services", "{AC0A6AB3-9297-4668-849C-6AC148CD0A24}"
EndProject
Project("{2150E333-8FDC-42A3-9474-1A3956D46DE8}") = "Accounts", "Accounts", "{FCAC3A8A-F0D0-4902-AC55-F00F4760CDB5}"
EndProject
Project("{2150E333-8FDC-42A3-9474-1A3956D46DE8}") = "Common", "Common", "{34AB76FF-4CF6-4532-91DB-27895E15A963}"
EndProject
Project("{2150E333-8FDC-42A3-9474-1A3956D46DE8}") = "Infrastructure", "Infrastructure", "{3F6BE7CF-ED0B-4C83-8572-A8DC32746B90}"
EndProject
Project("{2150E333-8FDC-42A3-9474-1A3956D46DE8}") = "Applications", "Applications", "{64D1FC1E-912D-4DB3-8D77-6D00DD5728A0}"
EndProject
Project("{2150E333-8FDC-42A3-9474-1A3956D46DE8}") = "Domain", "Domain", "{1B7811C3-BBAD-4D7B-B721-DEF4C47E5913}"
EndProject
Project("{2150E333-8FDC-42A3-9474-1A3956D46DE8}") = "Applications", "Applications", "{DA021663-7016-4429-8EA7-78392345B712}"
EndProject
Project("{2150E333-8FDC-42A3-9474-1A3956D46DE8}") = "Domain", "Domain", "{005F099C-04B5-4F5A-A81A-CBA015A9797F}"
EndProject
Project("{2150E333-8FDC-42A3-9474-1A3956D46DE8}") = "Data", "Data", "{7A392FF2-AB02-4C75-AB57-0EAA3C792CA6}"
EndProject
Project("{9A19103F-16F7-4668-BE54-9A1E7A4F7556}") = "DatingTime.Accounts.Applications.AccountManagement", "DatingTime.Accounts.Applications.AccountManagement\DatingTime.Accounts.Applications.AccountManagement.csproj", "{65DCE39C-F221-4B18-949B-A776741A4690}"
EndProject
Project("{9A19103F-16F7-4668-BE54-9A1E7A4F7556}") = "DatingTime.Accounts.Domain", "DatingTime.Accounts.Domain\DatingTime.Accounts.Domain.csproj", "{A419BBAB-4BDD-46A2-BC3E-4B908E86527C}"
EndProject
Project("{9A19103F-16F7-4668-BE54-9A1E7A4F7556}") = "DatingTime.Common.Applications.Security", "DatingTime.Common.Applications.Security\DatingTime.Common.Applications.Security.csproj", "{99C19C7F-03DD-4AC2-AB59-8A286BF27DA6}"
EndProject
Project("{9A19103F-16F7-4668-BE54-9A1E7A4F7556}") = "DatingTime.Common.Domain", "DatingTime.Common.Domain\DatingTime.Common.Domain.csproj", "{D1331722-FAF9-4EDB-BB24-1F35B2177AAD}"
EndProject
Project("{9A19103F-16F7-4668-BE54-9A1E7A4F7556}") = "DatingTime.Common.Infrastructure.Data.Relational", "DatingTime.Common.Infrastructure.Data.Relational\DatingTime.Common.Infrastructure.Data.Relational.csproj", "{345EF466-87F0-4D1F-8532-752F56FD2794}"
EndProject
Project("{9A19103F-16F7-4668-BE54-9A1E7A4F7556}") = "DatingTime.Common.Infrastructure.Bootstrap", "DatingTime.Common.Infrastructure.Bootstrap\DatingTime.Common.Infrastructure.Bootstrap.csproj", "{C9F93883-92C7-4745-A564-D676A3DC24C0}"
EndProject
Project("{9A19103F-16F7-4668-BE54-9A1E7A4F7556}") = "DatingTime.Common.Infrastructure.DependencyResolver", "DatingTime.Common.Infrastructure.DependencyResolver\DatingTime.Common.Infrastructure.DependencyResolver.csproj", "{7428C6D0-84C3-49D5-96FA-E277C599AF26}"
EndProject
Global
	GlobalSection(SolutionConfigurationPlatforms) = preSolution
		Debug|Any CPU = Debug|Any CPU
		Release|Any CPU = Release|Any CPU
	EndGlobalSection
	GlobalSection(ProjectConfigurationPlatforms) = postSolution
		{DA8B5D54-A8E4-41F3-8A7F-35BEB4155CD8}.Debug|Any CPU.ActiveCfg = Debug|Any CPU
		{DA8B5D54-A8E4-41F3-8A7F-35BEB4155CD8}.Debug|Any CPU.Build.0 = Debug|Any CPU
		{DA8B5D54-A8E4-41F3-8A7F-35BEB4155CD8}.Release|Any CPU.ActiveCfg = Release|Any CPU
		{DA8B5D54-A8E4-41F3-8A7F-35BEB4155CD8}.Release|Any CPU.Build.0 = Release|Any CPU
		{65DCE39C-F221-4B18-949B-A776741A4690}.Debug|Any CPU.ActiveCfg = Debug|Any CPU
		{65DCE39C-F221-4B18-949B-A776741A4690}.Debug|Any CPU.Build.0 = Debug|Any CPU
		{65DCE39C-F221-4B18-949B-A776741A4690}.Release|Any CPU.ActiveCfg = Release|Any CPU
		{65DCE39C-F221-4B18-949B-A776741A4690}.Release|Any CPU.Build.0 = Release|Any CPU
		{A419BBAB-4BDD-46A2-BC3E-4B908E86527C}.Debug|Any CPU.ActiveCfg = Debug|Any CPU
		{A419BBAB-4BDD-46A2-BC3E-4B908E86527C}.Debug|Any CPU.Build.0 = Debug|Any CPU
		{A419BBAB-4BDD-46A2-BC3E-4B908E86527C}.Release|Any CPU.ActiveCfg = Release|Any CPU
		{A419BBAB-4BDD-46A2-BC3E-4B908E86527C}.Release|Any CPU.Build.0 = Release|Any CPU
		{99C19C7F-03DD-4AC2-AB59-8A286BF27DA6}.Debug|Any CPU.ActiveCfg = Debug|Any CPU
		{99C19C7F-03DD-4AC2-AB59-8A286BF27DA6}.Debug|Any CPU.Build.0 = Debug|Any CPU
		{99C19C7F-03DD-4AC2-AB59-8A286BF27DA6}.Release|Any CPU.ActiveCfg = Release|Any CPU
		{99C19C7F-03DD-4AC2-AB59-8A286BF27DA6}.Release|Any CPU.Build.0 = Release|Any CPU
		{D1331722-FAF9-4EDB-BB24-1F35B2177AAD}.Debug|Any CPU.ActiveCfg = Debug|Any CPU
		{D1331722-FAF9-4EDB-BB24-1F35B2177AAD}.Debug|Any CPU.Build.0 = Debug|Any CPU
		{D1331722-FAF9-4EDB-BB24-1F35B2177AAD}.Release|Any CPU.ActiveCfg = Release|Any CPU
		{D1331722-FAF9-4EDB-BB24-1F35B2177AAD}.Release|Any CPU.Build.0 = Release|Any CPU
		{345EF466-87F0-4D1F-8532-752F56FD2794}.Debug|Any CPU.ActiveCfg = Debug|Any CPU
		{345EF466-87F0-4D1F-8532-752F56FD2794}.Debug|Any CPU.Build.0 = Debug|Any CPU
		{345EF466-87F0-4D1F-8532-752F56FD2794}.Release|Any CPU.ActiveCfg = Release|Any CPU
		{345EF466-87F0-4D1F-8532-752F56FD2794}.Release|Any CPU.Build.0 = Release|Any CPU
		{C9F93883-92C7-4745-A564-D676A3DC24C0}.Debug|Any CPU.ActiveCfg = Debug|Any CPU
		{C9F93883-92C7-4745-A564-D676A3DC24C0}.Debug|Any CPU.Build.0 = Debug|Any CPU
		{C9F93883-92C7-4745-A564-D676A3DC24C0}.Release|Any CPU.ActiveCfg = Release|Any CPU
		{C9F93883-92C7-4745-A564-D676A3DC24C0}.Release|Any CPU.Build.0 = Release|Any CPU
		{7428C6D0-84C3-49D5-96FA-E277C599AF26}.Debug|Any CPU.ActiveCfg = Debug|Any CPU
		{7428C6D0-84C3-49D5-96FA-E277C599AF26}.Debug|Any CPU.Build.0 = Debug|Any CPU
		{7428C6D0-84C3-49D5-96FA-E277C599AF26}.Release|Any CPU.ActiveCfg = Release|Any CPU
		{7428C6D0-84C3-49D5-96FA-E277C599AF26}.Release|Any CPU.Build.0 = Release|Any CPU
	EndGlobalSection
	GlobalSection(SolutionProperties) = preSolution
		HideSolutionNode = FALSE
	EndGlobalSection
	GlobalSection(NestedProjects) = preSolution
		{DA8B5D54-A8E4-41F3-8A7F-35BEB4155CD8} = {AC0A6AB3-9297-4668-849C-6AC148CD0A24}
		{3F6BE7CF-ED0B-4C83-8572-A8DC32746B90} = {34AB76FF-4CF6-4532-91DB-27895E15A963}
		{64D1FC1E-912D-4DB3-8D77-6D00DD5728A0} = {34AB76FF-4CF6-4532-91DB-27895E15A963}
		{1B7811C3-BBAD-4D7B-B721-DEF4C47E5913} = {34AB76FF-4CF6-4532-91DB-27895E15A963}
		{DA021663-7016-4429-8EA7-78392345B712} = {FCAC3A8A-F0D0-4902-AC55-F00F4760CDB5}
		{005F099C-04B5-4F5A-A81A-CBA015A9797F} = {FCAC3A8A-F0D0-4902-AC55-F00F4760CDB5}
		{7A392FF2-AB02-4C75-AB57-0EAA3C792CA6} = {3F6BE7CF-ED0B-4C83-8572-A8DC32746B90}
		{65DCE39C-F221-4B18-949B-A776741A4690} = {DA021663-7016-4429-8EA7-78392345B712}
		{A419BBAB-4BDD-46A2-BC3E-4B908E86527C} = {005F099C-04B5-4F5A-A81A-CBA015A9797F}
		{99C19C7F-03DD-4AC2-AB59-8A286BF27DA6} = {64D1FC1E-912D-4DB3-8D77-6D00DD5728A0}
		{D1331722-FAF9-4EDB-BB24-1F35B2177AAD} = {1B7811C3-BBAD-4D7B-B721-DEF4C47E5913}
		{345EF466-87F0-4D1F-8532-752F56FD2794} = {7A392FF2-AB02-4C75-AB57-0EAA3C792CA6}
		{C9F93883-92C7-4745-A564-D676A3DC24C0} = {3F6BE7CF-ED0B-4C83-8572-A8DC32746B90}
		{7428C6D0-84C3-49D5-96FA-E277C599AF26} = {3F6BE7CF-ED0B-4C83-8572-A8DC32746B90}
	EndGlobalSection
	GlobalSection(ExtensibilityGlobals) = postSolution
		SolutionGuid = {79ACA35A-718B-4453-BE8A-AE81401DA517}
	EndGlobalSection
EndGlobal
